
Microsoft Visual Studio Solution File, Format Version 12.00
# Visual Studio Version 16
VisualStudioVersion = 16.0.30204.135
MinimumVisualStudioVersion = 10.0.40219.1
Project("{FAE04EC0-301F-11D3-BF4B-00C04F79EFBC}") = "VideoIndexerClient.UWP", "VIClient.UWP\VideoIndexerClient.UWP.csproj", "{DE81646E-5F83-4513-A5BD-6622FFC3FBAA}"
EndProject
Project("{9A19103F-16F7-4668-BE54-9A1E7A4F7556}") = "VideoIndexerLibrary", "VideoIndexerLibrary\VideoIndexerLibrary.csproj", "{7C62EE16-8FDD-455E-A743-42989F3196AD}"
EndProject
Project("{9A19103F-16F7-4668-BE54-9A1E7A4F7556}") = "VideoIndexerClient.DemoConsole", "VideoIndexerClient.Console\VideoIndexerClient.DemoConsole.csproj", "{D25BECBE-48D7-473C-AAC8-12DB2694216C}"
EndProject
Global
	GlobalSection(SolutionConfigurationPlatforms) = preSolution
		Debug|Any CPU = Debug|Any CPU
		Debug|ARM = Debug|ARM
		Debug|ARM64 = Debug|ARM64
		Debug|x64 = Debug|x64
		Debug|x86 = Debug|x86
		Release|Any CPU = Release|Any CPU
		Release|ARM = Release|ARM
		Release|ARM64 = Release|ARM64
		Release|x64 = Release|x64
		Release|x86 = Release|x86
	EndGlobalSection
	GlobalSection(ProjectConfigurationPlatforms) = postSolution
		{DE81646E-5F83-4513-A5BD-6622FFC3FBAA}.Debug|Any CPU.ActiveCfg = Debug|x86
		{DE81646E-5F83-4513-A5BD-6622FFC3FBAA}.Debug|ARM.ActiveCfg = Debug|ARM
		{DE81646E-5F83-4513-A5BD-6622FFC3FBAA}.Debug|ARM.Build.0 = Debug|ARM
		{DE81646E-5F83-4513-A5BD-6622FFC3FBAA}.Debug|ARM.Deploy.0 = Debug|ARM
		{DE81646E-5F83-4513-A5BD-6622FFC3FBAA}.Debug|ARM64.ActiveCfg = Debug|ARM64
		{DE81646E-5F83-4513-A5BD-6622FFC3FBAA}.Debug|ARM64.Build.0 = Debug|ARM64
		{DE81646E-5F83-4513-A5BD-6622FFC3FBAA}.Debug|ARM64.Deploy.0 = Debug|ARM64
		{DE81646E-5F83-4513-A5BD-6622FFC3FBAA}.Debug|x64.ActiveCfg = Debug|x64
		{DE81646E-5F83-4513-A5BD-6622FFC3FBAA}.Debug|x64.Build.0 = Debug|x64
		{DE81646E-5F83-4513-A5BD-6622FFC3FBAA}.Debug|x64.Deploy.0 = Debug|x64
		{DE81646E-5F83-4513-A5BD-6622FFC3FBAA}.Debug|x86.ActiveCfg = Debug|x86
		{DE81646E-5F83-4513-A5BD-6622FFC3FBAA}.Debug|x86.Build.0 = Debug|x86
		{DE81646E-5F83-4513-A5BD-6622FFC3FBAA}.Debug|x86.Deploy.0 = Debug|x86
		{DE81646E-5F83-4513-A5BD-6622FFC3FBAA}.Release|Any CPU.ActiveCfg = Release|x86
		{DE81646E-5F83-4513-A5BD-6622FFC3FBAA}.Release|ARM.ActiveCfg = Release|ARM
		{DE81646E-5F83-4513-A5BD-6622FFC3FBAA}.Release|ARM.Build.0 = Release|ARM
		{DE81646E-5F83-4513-A5BD-6622FFC3FBAA}.Release|ARM.Deploy.0 = Release|ARM
		{DE81646E-5F83-4513-A5BD-6622FFC3FBAA}.Release|ARM64.ActiveCfg = Release|ARM64
		{DE81646E-5F83-4513-A5BD-6622FFC3FBAA}.Release|ARM64.Build.0 = Release|ARM64
		{DE81646E-5F83-4513-A5BD-6622FFC3FBAA}.Release|ARM64.Deploy.0 = Release|ARM64
		{DE81646E-5F83-4513-A5BD-6622FFC3FBAA}.Release|x64.ActiveCfg = Release|x64
		{DE81646E-5F83-4513-A5BD-6622FFC3FBAA}.Release|x64.Build.0 = Release|x64
		{DE81646E-5F83-4513-A5BD-6622FFC3FBAA}.Release|x64.Deploy.0 = Release|x64
		{DE81646E-5F83-4513-A5BD-6622FFC3FBAA}.Release|x86.ActiveCfg = Release|x86
		{DE81646E-5F83-4513-A5BD-6622FFC3FBAA}.Release|x86.Build.0 = Release|x86
		{DE81646E-5F83-4513-A5BD-6622FFC3FBAA}.Release|x86.Deploy.0 = Release|x86
		{7C62EE16-8FDD-455E-A743-42989F3196AD}.Debug|Any CPU.ActiveCfg = Debug|Any CPU
		{7C62EE16-8FDD-455E-A743-42989F3196AD}.Debug|Any CPU.Build.0 = Debug|Any CPU
		{7C62EE16-8FDD-455E-A743-42989F3196AD}.Debug|ARM.ActiveCfg = Debug|Any CPU
		{7C62EE16-8FDD-455E-A743-42989F3196AD}.Debug|ARM.Build.0 = Debug|Any CPU
		{7C62EE16-8FDD-455E-A743-42989F3196AD}.Debug|ARM64.ActiveCfg = Debug|Any CPU
		{7C62EE16-8FDD-455E-A743-42989F3196AD}.Debug|ARM64.Build.0 = Debug|Any CPU
		{7C62EE16-8FDD-455E-A743-42989F3196AD}.Debug|x64.ActiveCfg = Debug|Any CPU
		{7C62EE16-8FDD-455E-A743-42989F3196AD}.Debug|x64.Build.0 = Debug|Any CPU
		{7C62EE16-8FDD-455E-A743-42989F3196AD}.Debug|x86.ActiveCfg = Debug|Any CPU
		{7C62EE16-8FDD-455E-A743-42989F3196AD}.Debug|x86.Build.0 = Debug|Any CPU
		{7C62EE16-8FDD-455E-A743-42989F3196AD}.Release|Any CPU.ActiveCfg = Release|Any CPU
		{7C62EE16-8FDD-455E-A743-42989F3196AD}.Release|Any CPU.Build.0 = Release|Any CPU
		{7C62EE16-8FDD-455E-A743-42989F3196AD}.Release|ARM.ActiveCfg = Release|Any CPU
		{7C62EE16-8FDD-455E-A743-42989F3196AD}.Release|ARM.Build.0 = Release|Any CPU
		{7C62EE16-8FDD-455E-A743-42989F3196AD}.Release|ARM64.ActiveCfg = Release|Any CPU
		{7C62EE16-8FDD-455E-A743-42989F3196AD}.Release|ARM64.Build.0 = Release|Any CPU
		{7C62EE16-8FDD-455E-A743-42989F3196AD}.Release|x64.ActiveCfg = Release|Any CPU
		{7C62EE16-8FDD-455E-A743-42989F3196AD}.Release|x64.Build.0 = Release|Any CPU
		{7C62EE16-8FDD-455E-A743-42989F3196AD}.Release|x86.ActiveCfg = Release|Any CPU
		{7C62EE16-8FDD-455E-A743-42989F3196AD}.Release|x86.Build.0 = Release|Any CPU
		{D25BECBE-48D7-473C-AAC8-12DB2694216C}.Debug|Any CPU.ActiveCfg = Debug|Any CPU
		{D25BECBE-48D7-473C-AAC8-12DB2694216C}.Debug|Any CPU.Build.0 = Debug|Any CPU
		{D25BECBE-48D7-473C-AAC8-12DB2694216C}.Debug|ARM.ActiveCfg = Debug|Any CPU
		{D25BECBE-48D7-473C-AAC8-12DB2694216C}.Debug|ARM.Build.0 = Debug|Any CPU
		{D25BECBE-48D7-473C-AAC8-12DB2694216C}.Debug|ARM64.ActiveCfg = Debug|Any CPU
		{D25BECBE-48D7-473C-AAC8-12DB2694216C}.Debug|ARM64.Build.0 = Debug|Any CPU
		{D25BECBE-48D7-473C-AAC8-12DB2694216C}.Debug|x64.ActiveCfg = Debug|Any CPU
		{D25BECBE-48D7-473C-AAC8-12DB2694216C}.Debug|x64.Build.0 = Debug|Any CPU
		{D25BECBE-48D7-473C-AAC8-12DB2694216C}.Debug|x86.ActiveCfg = Debug|Any CPU
		{D25BECBE-48D7-473C-AAC8-12DB2694216C}.Debug|x86.Build.0 = Debug|Any CPU
		{D25BECBE-48D7-473C-AAC8-12DB2694216C}.Release|Any CPU.ActiveCfg = Release|Any CPU
		{D25BECBE-48D7-473C-AAC8-12DB2694216C}.Release|Any CPU.Build.0 = Release|Any CPU
		{D25BECBE-48D7-473C-AAC8-12DB2694216C}.Release|ARM.ActiveCfg = Release|Any CPU
		{D25BECBE-48D7-473C-AAC8-12DB2694216C}.Release|ARM.Build.0 = Release|Any CPU
		{D25BECBE-48D7-473C-AAC8-12DB2694216C}.Release|ARM64.ActiveCfg = Release|Any CPU
		{D25BECBE-48D7-473C-AAC8-12DB2694216C}.Release|ARM64.Build.0 = Release|Any CPU
		{D25BECBE-48D7-473C-AAC8-12DB2694216C}.Release|x64.ActiveCfg = Release|Any CPU
		{D25BECBE-48D7-473C-AAC8-12DB2694216C}.Release|x64.Build.0 = Release|Any CPU
		{D25BECBE-48D7-473C-AAC8-12DB2694216C}.Release|x86.ActiveCfg = Release|Any CPU
		{D25BECBE-48D7-473C-AAC8-12DB2694216C}.Release|x86.Build.0 = Release|Any CPU
	EndGlobalSection
	GlobalSection(SolutionProperties) = preSolution
		HideSolutionNode = FALSE
	EndGlobalSection
	GlobalSection(ExtensibilityGlobals) = postSolution
		SolutionGuid = {6A44694E-F2E4-464E-B35F-46EF4F158123}
	EndGlobalSection
EndGlobal
